
Microsoft Visual Studio Solution File, Format Version 11.00
# Visual Studio 2010
Project("{FAE04EC0-301F-11D3-BF4B-00C04F79EFBC}") = "Assembly-CSharp", "Assembly-CSharp.csproj", "{DBE129D9-05EF-25A3-7DFF-5C4FE2F1F3ED}"
EndProject
Global
	GlobalSection(SolutionConfigurationPlatforms) = preSolution
		Debug|Any CPU = Debug|Any CPU
		Release|Any CPU = Release|Any CPU
	EndGlobalSection
	GlobalSection(ProjectConfigurationPlatforms) = postSolution
		{DBE129D9-05EF-25A3-7DFF-5C4FE2F1F3ED}.Debug|Any CPU.ActiveCfg = Debug|Any CPU
		{DBE129D9-05EF-25A3-7DFF-5C4FE2F1F3ED}.Debug|Any CPU.Build.0 = Debug|Any CPU
		{DBE129D9-05EF-25A3-7DFF-5C4FE2F1F3ED}.Release|Any CPU.ActiveCfg = Release|Any CPU
		{DBE129D9-05EF-25A3-7DFF-5C4FE2F1F3ED}.Release|Any CPU.Build.0 = Release|Any CPU
	EndGlobalSection
	GlobalSection(SolutionProperties) = preSolution
		HideSolutionNode = FALSE
	EndGlobalSection
	GlobalSection(MonoDevelopProperties) = preSolution
		StartupItem = Assembly-CSharp.csproj
	EndGlobalSection
EndGlobal
